<Solution>
  <Folder Name="/Project/">
    <Project Path="Tyuiu.StachinskiiVS.Sprint7.Project.V6.Lib/Tyuiu.StachinskiiVS.Sprint7.Project.V6.Lib.csproj" />
    <Project Path="Tyuiu.StachinskiiVS.Sprint7.Project.V6.Test/Tyuiu.StachinskiiVS.Sprint7.Project.V6.Test.csproj" />
    <Project Path="Tyuiu.StachinskiiVS.Sprint7.Project.V6/Tyuiu.StachinskiiVS.Sprint7.Project.V6.csproj" />
  </Folder>
</Solution>
